schema: '2.0'
stages:
  data_collection:
    cmd: python src/data_collection.py
    deps:
    - path: src/data_collection.py
      hash: md5
      md5: 128f8e57ec8b499dda803e252f9bc99d
      size: 546
    params:
      params.yaml:
        data_collection.test_size: 0.2
    outs:
    - path: data/raw
      hash: md5
      md5: 93c6db5f44c99f8717254513d92d6119.dir
      size: 522262
      nfiles: 2
  pre_processing:
    cmd: python src/data_prep.py
    deps:
    - path: data/raw
      hash: md5
      md5: 93c6db5f44c99f8717254513d92d6119.dir
      size: 522262
      nfiles: 2
    - path: src/data_prep.py
      hash: md5
      md5: 6e43e1b3e7bc241f081ca6dcd368f3a6
      size: 762
    outs:
    - path: data/processed
      hash: md5
      md5: 2366b16a2abb959f989be64dd142be98.dir
      size: 546428
      nfiles: 2
  model_building:
    cmd: python src/model_building.py
    deps:
    - path: data/processed
      hash: md5
      md5: 2366b16a2abb959f989be64dd142be98.dir
      size: 546428
      nfiles: 2
    - path: src/model_building.py
      hash: md5
      md5: e510099f50eeb69c0e75d4c448db0b72
      size: 630
    outs:
    - path: model.pkl
      hash: md5
      md5: 2a8c561bad6e5221de98283d21358829
      size: 7325906
  model_eval:
    cmd: python src/model_eval.py
    deps:
    - path: model.pkl
      hash: md5
      md5: 2a8c561bad6e5221de98283d21358829
      size: 7325906
    - path: src/model_eval.py
      hash: md5
      md5: 132ed170262de870d5c48b9ad8801a15
      size: 757
    outs:
    - path: metrics.json
      hash: md5
      md5: 2ded2c1403a6163805c4d7badad267f7
      size: 132
